
Microsoft Visual Studio Solution File, Format Version 12.00
# Visual Studio Version 17
VisualStudioVersion = 17.1.32210.238
MinimumVisualStudioVersion = 10.0.40219.1
Project("{FAE04EC0-301F-11D3-BF4B-00C04F79EFBC}") = "Uppgift 5.1", "Uppgift 5.1\Uppgift 5.1.csproj", "{84C33B17-C42C-4A1B-BB81-AA6230B1BF5F}"
EndProject
Global
	GlobalSection(SolutionConfigurationPlatforms) = preSolution
		Debug|Any CPU = Debug|Any CPU
		Release|Any CPU = Release|Any CPU
	EndGlobalSection
	GlobalSection(ProjectConfigurationPlatforms) = postSolution
		{84C33B17-C42C-4A1B-BB81-AA6230B1BF5F}.Debug|Any CPU.ActiveCfg = Debug|Any CPU
		{84C33B17-C42C-4A1B-BB81-AA6230B1BF5F}.Debug|Any CPU.Build.0 = Debug|Any CPU
		{84C33B17-C42C-4A1B-BB81-AA6230B1BF5F}.Release|Any CPU.ActiveCfg = Release|Any CPU
		{84C33B17-C42C-4A1B-BB81-AA6230B1BF5F}.Release|Any CPU.Build.0 = Release|Any CPU
	EndGlobalSection
	GlobalSection(SolutionProperties) = preSolution
		HideSolutionNode = FALSE
	EndGlobalSection
	GlobalSection(ExtensibilityGlobals) = postSolution
		SolutionGuid = {6DE0B2A6-1ADD-430A-8FDD-9F9DCE7EFCDE}
	EndGlobalSection
EndGlobal
